<?xml version="1.0" encoding="utf-8"?>
<Project ToolsVersion="4.0" xmlns="http://schemas.microsoft.com/developer/msbuild/2003">
  <ItemGroup>
    <Filter Include="Header Files">
      <UniqueIdentifier>{8553e100-2407-4e1e-ae0a-71d661c660bf}</UniqueIdentifier>
    </Filter>
    <Filter Include="Source Files">
      <UniqueIdentifier>{c6e3f3c9-c2f4-4b06-b13b-d467c55b6265}</UniqueIdentifier>
    </Filter>
    <Filter Include="TwinCAT UM Files">
      <UniqueIdentifier>{293eb217-f0e2-42d3-8758-36a2c199c3f6}</UniqueIdentifier>
    </Filter>
    <Filter Include="TwinCAT RT Files">
      <UniqueIdentifier>{72a784ec-d669-4e90-a2bc-a61f4f5d1ffc}</UniqueIdentifier>
    </Filter>
    <Filter Include="TwinCAT OS Files">
      <UniqueIdentifier>{c78b4923-8cb9-4ff0-a902-36f8c52265ff}</UniqueIdentifier>
    </Filter>
    <Filter Include="TMC Files">
      <UniqueIdentifier>{ab52c635-0a5d-48af-98a1-dc974ca9c0ed}</UniqueIdentifier>
    </Filter>
    <Filter Include="ADS">
      <UniqueIdentifier>{df9ea051-35a2-46cd-a5f3-c846d2477f13}</UniqueIdentifier>
    </Filter>
    <Filter Include="ADS\Inc">
      <UniqueIdentifier>{0dad0354-fdac-45a1-ae9b-4a3c004cf104}</UniqueIdentifier>
    </Filter>
    <Filter Include="ADS\Src">
      <UniqueIdentifier>{34820d44-a4c7-46b1-a89c-cf1a3499339b}</UniqueIdentifier>
    </Filter>
  </ItemGroup>
  <ItemGroup>
    <ClInclude Include="Resource.h">
      <Filter>TwinCAT UM Files</Filter>
    </ClInclude>
    <ClInclude Include="TcPch.h">
      <Filter>Header Files</Filter>
    </ClInclude>
    <ClInclude Include="CADSModuleClassFactory.h">
      <Filter>Header Files</Filter>
    </ClInclude>
    <ClInclude Include="CADSModuleInterfaces.h">
      <Filter>Header Files</Filter>
    </ClInclude>
    <ClInclude Include="CADSModuleServices.h">
      <Filter>Header Files</Filter>
    </ClInclude>
    <ClInclude Include="CADSModuleCtrl.h">
      <Filter>TwinCAT UM Files</Filter>
    </ClInclude>
    <ClInclude Include="CADSModuleDriver.h">
      <Filter>TwinCAT RT Files</Filter>
    </ClInclude>
    <ClInclude Include="Main.h">
      <Filter>Header Files</Filter>
    </ClInclude>
    <ClInclude Include="MainAds.h">
      <Filter>Header Files</Filter>
    </ClInclude>
    <ClInclude Include="ADSPLCRW.h">
      <Filter>ADS\Inc</Filter>
    </ClInclude>
  </ItemGroup>
  <ItemGroup>
    <ClCompile Include="TcPch.cpp">
      <Filter>Source Files</Filter>
    </ClCompile>
    <ClCompile Include="CADSModuleClassFactory.cpp">
      <Filter>Source Files</Filter>
    </ClCompile>
    <ClCompile Include="CADSModuleCtrl.cpp">
      <Filter>TwinCAT UM Files</Filter>
    </ClCompile>
    <ClCompile Include="CADSModuleW32.cpp">
      <Filter>TwinCAT UM Files</Filter>
    </ClCompile>
    <ClCompile Include="CADSModuleDriver.cpp">
      <Filter>TwinCAT RT Files</Filter>
    </ClCompile>
    <ClCompile Include="CADSModuleMain.cpp">
      <Filter>TwinCAT OS Files</Filter>
    </ClCompile>
    <ClCompile Include="Main.cpp">
      <Filter>Source Files</Filter>
    </ClCompile>
    <ClCompile Include="ADSPLCRW.cpp">
      <Filter>ADS\Src</Filter>
    </ClCompile>
  </ItemGroup>
  <ItemGroup>
    <ResourceCompile Include="CADSModule.rc">
      <Filter>Source Files</Filter>
    </ResourceCompile>
    <ResourceCompile Include="CADSModuleW32.rc">
      <Filter>TwinCAT UM Files</Filter>
    </ResourceCompile>
  </ItemGroup>
  <ItemGroup>
    <None Include="CADSModuleW32.def">
      <Filter>TwinCAT UM Files</Filter>
    </None>
    <None Include="CADSModule.tmc">
      <Filter>TMC Files</Filter>
    </None>
  </ItemGroup>
  <ItemGroup>
    <Midl Include="CADSModuleW32.idl">
      <Filter>TwinCAT UM Files</Filter>
    </Midl>
  </ItemGroup>
</Project>